{
  "version": "3",
  "packages": {
    "specifiers": {
      "npm:@supabase/supabase-js@2.39.7": "npm:@supabase/supabase-js@2.39.7",
      "npm:dependency-cruiser@17.3.7": "npm:dependency-cruiser@17.3.7_acorn@8.15.0"
    },
    "npm": {
      "@supabase/functions-js@2.1.5": {
        "integrity": "sha512-BNzC5XhCzzCaggJ8s53DP+WeHHGT/NfTsx2wUSSGKR2/ikLFQTBCDzMvGz/PxYMqRko/LwncQtKXGOYp1PkPaw==",
        "dependencies": {
          "@supabase/node-fetch": "@supabase/node-fetch@2.6.15"
        }
      },
      "@supabase/gotrue-js@2.62.2": {
        "integrity": "sha512-AP6e6W9rQXFTEJ7sTTNYQrNf0LCcnt1hUW+RIgUK+Uh3jbWvcIST7wAlYyNZiMlS9+PYyymWQ+Ykz/rOYSO0+A==",
        "dependencies": {
          "@supabase/node-fetch": "@supabase/node-fetch@2.6.15"
        }
      },
      "@supabase/node-fetch@2.6.15": {
        "integrity": "sha512-1ibVeYUacxWYi9i0cf5efil6adJ9WRyZBLivgjs+AUpewx1F3xPi7gLgaASI2SmIQxPoCEjAsLAzKPgMJVgOUQ==",
        "dependencies": {
          "whatwg-url": "whatwg-url@5.0.0"
        }
      },
      "@supabase/postgrest-js@1.9.2": {
        "integrity": "sha512-I6yHo8CC9cxhOo6DouDMy9uOfW7hjdsnCxZiaJuIVZm1dBGTFiQPgfMa9zXCamEWzNyWRjZvupAUuX+tqcl5Sw==",
        "dependencies": {
          "@supabase/node-fetch": "@supabase/node-fetch@2.6.15"
        }
      },
      "@supabase/realtime-js@2.9.3": {
        "integrity": "sha512-lAp50s2n3FhGJFq+wTSXLNIDPw5Y0Wxrgt44eM5nLSA3jZNUUP3Oq2Ccd1CbZdVntPCWLZvJaU//pAd2NE+QnQ==",
        "dependencies": {
          "@supabase/node-fetch": "@supabase/node-fetch@2.6.15",
          "@types/phoenix": "@types/phoenix@1.6.7",
          "@types/ws": "@types/ws@8.18.1",
          "ws": "ws@8.19.0"
        }
      },
      "@supabase/storage-js@2.5.5": {
        "integrity": "sha512-OpLoDRjFwClwc2cjTJZG8XviTiQH4Ik8sCiMK5v7et0MDu2QlXjCAW3ljxJB5+z/KazdMOTnySi+hysxWUPu3w==",
        "dependencies": {
          "@supabase/node-fetch": "@supabase/node-fetch@2.6.15"
        }
      },
      "@supabase/supabase-js@2.39.7": {
        "integrity": "sha512-1vxsX10Uhc2b+Dv9pRjBjHfqmw2N2h1PyTg9LEfICR3x2xwE24By1MGCjDZuzDKH5OeHCsf4it6K8KRluAAEXA==",
        "dependencies": {
          "@supabase/functions-js": "@supabase/functions-js@2.1.5",
          "@supabase/gotrue-js": "@supabase/gotrue-js@2.62.2",
          "@supabase/node-fetch": "@supabase/node-fetch@2.6.15",
          "@supabase/postgrest-js": "@supabase/postgrest-js@1.9.2",
          "@supabase/realtime-js": "@supabase/realtime-js@2.9.3",
          "@supabase/storage-js": "@supabase/storage-js@2.5.5"
        }
      },
      "@types/node@18.16.19": {
        "integrity": "sha512-IXl7o+R9iti9eBW4Wg2hx1xQDig183jj7YLn8F7udNceyfkbn1ZxmzZXuak20gR40D7pIkIY1kYGx5VIGbaHKA==",
        "dependencies": {}
      },
      "@types/phoenix@1.6.7": {
        "integrity": "sha512-oN9ive//QSBkf19rfDv45M7eZPi0eEXylht2OLEXicu5b4KoQ1OzXIw+xDSGWxSxe1JmepRR/ZH283vsu518/Q==",
        "dependencies": {}
      },
      "@types/ws@8.18.1": {
        "integrity": "sha512-ThVF6DCVhA8kUGy+aazFQ4kXQ7E1Ty7A3ypFOe0IcJV8O/M511G99AW24irKrW56Wt44yG9+ij8FaqoBGkuBXg==",
        "dependencies": {
          "@types/node": "@types/node@18.16.19"
        }
      },
      "acorn-jsx-walk@2.0.0": {
        "integrity": "sha512-uuo6iJj4D4ygkdzd6jPtcxs8vZgDX9YFIkqczGImoypX2fQ4dVImmu3UzA4ynixCIMTrEOWW+95M2HuBaCEOVA==",
        "dependencies": {}
      },
      "acorn-jsx@5.3.2_acorn@8.15.0": {
        "integrity": "sha512-rq9s+JNhf0IChjtDXxllJ7g41oZk5SlXtp0LHwyA5cejwn7vKmKp4pPri6YEePv2PU65sAsegbXtIinmDFDXgQ==",
        "dependencies": {
          "acorn": "acorn@8.15.0"
        }
      },
      "acorn-loose@8.5.2": {
        "integrity": "sha512-PPvV6g8UGMGgjrMu+n/f9E/tCSkNQ2Y97eFvuVdJfG11+xdIeDcLyNdC8SHcrHbRqkfwLASdplyR6B6sKM1U4A==",
        "dependencies": {
          "acorn": "acorn@8.15.0"
        }
      },
      "acorn-walk@8.3.4": {
        "integrity": "sha512-ueEepnujpqee2o5aIYnvHU6C0A42MNdsIDeqy5BydrkuC5R1ZuUFnm27EeFJGoEHJQgn3uleRvmTXaJgfXbt4g==",
        "dependencies": {
          "acorn": "acorn@8.15.0"
        }
      },
      "acorn@8.15.0": {
        "integrity": "sha512-NZyJarBfL7nWwIq+FDL6Zp/yHEhePMNnnJ0y3qfieCrmNvYct8uvtiV41UvlSe6apAfk0fY1FbWx+NwfmpvtTg==",
        "dependencies": {}
      },
      "ansi-styles@4.3.0": {
        "integrity": "sha512-zbB9rCJAT1rbjiVDb2hqKFHNYLxgtk8NURxZ3IZwD3F6NtxbXZQCnnSi1Lkx+IDohdPlFp222wVALIheZJQSEg==",
        "dependencies": {
          "color-convert": "color-convert@2.0.1"
        }
      },
      "chalk@4.1.2": {
        "integrity": "sha512-oKnbhFyRIXpUuez8iBMmyEa4nbj4IOQyuhc/wy9kY7/WVPcwIO9VA668Pu8RkO7+0G76SLROeyw9CpQ061i4mA==",
        "dependencies": {
          "ansi-styles": "ansi-styles@4.3.0",
          "supports-color": "supports-color@7.2.0"
        }
      },
      "color-convert@2.0.1": {
        "integrity": "sha512-RRECPsj7iu/xb5oKYcsFHSppFNnsj/52OVTRKb4zP5onXwVF3zVmmToNcOfGC+CRDpfK/U584fMg38ZHCaElKQ==",
        "dependencies": {
          "color-name": "color-name@1.1.4"
        }
      },
      "color-name@1.1.4": {
        "integrity": "sha512-dOy+3AuW3a2wNbZHIuMZpTcgjGuLU/uBL/ubcZF9OXbDo8ff4O8yVp5Bf0efS8uEoYo5q4Fx7dY9OgQGXgAsQA==",
        "dependencies": {}
      },
      "commander@14.0.2": {
        "integrity": "sha512-TywoWNNRbhoD0BXs1P3ZEScW8W5iKrnbithIl0YH+uCmBd0QpPOA8yc82DS3BIE5Ma6FnBVUsJ7wVUDz4dvOWQ==",
        "dependencies": {}
      },
      "dependency-cruiser@17.3.7_acorn@8.15.0": {
        "integrity": "sha512-WEEOrnf0eshNirg4CMWuB7kK+qVZ+fecW6EBJa6AomEFhDDZKi3Zel1Tyl4ihcWtiSDhF+vALQb8NJS+wQiwLA==",
        "dependencies": {
          "acorn": "acorn@8.15.0",
          "acorn-jsx": "acorn-jsx@5.3.2_acorn@8.15.0",
          "acorn-jsx-walk": "acorn-jsx-walk@2.0.0",
          "acorn-loose": "acorn-loose@8.5.2",
          "acorn-walk": "acorn-walk@8.3.4",
          "commander": "commander@14.0.2",
          "enhanced-resolve": "enhanced-resolve@5.18.4",
          "ignore": "ignore@7.0.5",
          "interpret": "interpret@3.1.1",
          "is-installed-globally": "is-installed-globally@1.0.0",
          "json5": "json5@2.2.3",
          "picomatch": "picomatch@4.0.3",
          "prompts": "prompts@2.4.2",
          "rechoir": "rechoir@0.8.0",
          "safe-regex": "safe-regex@2.1.1",
          "semver": "semver@7.7.3",
          "tsconfig-paths-webpack-plugin": "tsconfig-paths-webpack-plugin@4.2.0",
          "watskeburt": "watskeburt@5.0.2"
        }
      },
      "enhanced-resolve@5.18.4": {
        "integrity": "sha512-LgQMM4WXU3QI+SYgEc2liRgznaD5ojbmY3sb8LxyguVkIg5FxdpTkvk72te2R38/TGKxH634oLxXRGY6d7AP+Q==",
        "dependencies": {
          "graceful-fs": "graceful-fs@4.2.11",
          "tapable": "tapable@2.3.0"
        }
      },
      "function-bind@1.1.2": {
        "integrity": "sha512-7XHNxH7qX9xG5mIwxkhumTox/MIRNcOgDrxWsMt2pAr23WHp6MrRlN7FBSFpCpr+oVO0F744iUgR82nJMfG2SA==",
        "dependencies": {}
      },
      "global-directory@4.0.1": {
        "integrity": "sha512-wHTUcDUoZ1H5/0iVqEudYW4/kAlN5cZ3j/bXn0Dpbizl9iaUVeWSHqiOjsgk6OW2bkLclbBjzewBz6weQ1zA2Q==",
        "dependencies": {
          "ini": "ini@4.1.1"
        }
      },
      "graceful-fs@4.2.11": {
        "integrity": "sha512-RbJ5/jmFcNNCcDV5o9eTnBLJ/HszWV0P73bc+Ff4nS/rJj+YaS6IGyiOL0VoBYX+l1Wrl3k63h/KrH+nhJ0XvQ==",
        "dependencies": {}
      },
      "has-flag@4.0.0": {
        "integrity": "sha512-EykJT/Q1KjTWctppgIAgfSO0tKVuZUjhgMr17kqTumMl6Afv3EISleU7qZUzoXDFTAHTDC4NOoG/ZxU3EvlMPQ==",
        "dependencies": {}
      },
      "hasown@2.0.2": {
        "integrity": "sha512-0hJU9SCPvmMzIBdZFqNPXWa6dqh7WdH0cII9y+CyS8rG3nL48Bclra9HmKhVVUHyPWNH5Y7xDwAB7bfgSjkUMQ==",
        "dependencies": {
          "function-bind": "function-bind@1.1.2"
        }
      },
      "ignore@7.0.5": {
        "integrity": "sha512-Hs59xBNfUIunMFgWAbGX5cq6893IbWg4KnrjbYwX3tx0ztorVgTDA6B2sxf8ejHJ4wz8BqGUMYlnzNBer5NvGg==",
        "dependencies": {}
      },
      "ini@4.1.1": {
        "integrity": "sha512-QQnnxNyfvmHFIsj7gkPcYymR8Jdw/o7mp5ZFihxn6h8Ci6fh3Dx4E1gPjpQEpIuPo9XVNY/ZUwh4BPMjGyL01g==",
        "dependencies": {}
      },
      "interpret@3.1.1": {
        "integrity": "sha512-6xwYfHbajpoF0xLW+iwLkhwgvLoZDfjYfoFNu8ftMoXINzwuymNLd9u/KmwtdT2GbR+/Cz66otEGEVVUHX9QLQ==",
        "dependencies": {}
      },
      "is-core-module@2.16.1": {
        "integrity": "sha512-UfoeMA6fIJ8wTYFEUjelnaGI67v6+N7qXJEvQuIGa99l4xsCruSYOVSQ0uPANn4dAzm8lkYPaKLrrijLq7x23w==",
        "dependencies": {
          "hasown": "hasown@2.0.2"
        }
      },
      "is-installed-globally@1.0.0": {
        "integrity": "sha512-K55T22lfpQ63N4KEN57jZUAaAYqYHEe8veb/TycJRk9DdSCLLcovXz/mL6mOnhQaZsQGwPhuFopdQIlqGSEjiQ==",
        "dependencies": {
          "global-directory": "global-directory@4.0.1",
          "is-path-inside": "is-path-inside@4.0.0"
        }
      },
      "is-path-inside@4.0.0": {
        "integrity": "sha512-lJJV/5dYS+RcL8uQdBDW9c9uWFLLBNRyFhnAKXw5tVqLlKZ4RMGZKv+YQ/IA3OhD+RpbJa1LLFM1FQPGyIXvOA==",
        "dependencies": {}
      },
      "json5@2.2.3": {
        "integrity": "sha512-XmOWe7eyHYH14cLdVPoyg+GOH3rYX++KpzrylJwSW98t3Nk+U8XOl8FWKOgwtzdb8lXGf6zYwDUzeHMWfxasyg==",
        "dependencies": {}
      },
      "kleur@3.0.3": {
        "integrity": "sha512-eTIzlVOSUR+JxdDFepEYcBMtZ9Qqdef+rnzWdRZuMbOywu5tO2w2N7rqjoANZ5k9vywhL6Br1VRjUIgTQx4E8w==",
        "dependencies": {}
      },
      "minimist@1.2.8": {
        "integrity": "sha512-2yyAR8qBkN3YuheJanUpWC5U3bb5osDywNB8RzDVlDwDHbocAJveqqj1u8+SVD7jkWT4yvsHCpWqqWqAxb0zCA==",
        "dependencies": {}
      },
      "path-parse@1.0.7": {
        "integrity": "sha512-LDJzPVEEEPR+y48z93A0Ed0yXb8pAByGWo/k5YYdYgpY2/2EsOsksJrq7lOHxryrVOn1ejG6oAp8ahvOIQD8sw==",
        "dependencies": {}
      },
      "picomatch@4.0.3": {
        "integrity": "sha512-5gTmgEY/sqK6gFXLIsQNH19lWb4ebPDLA4SdLP7dsWkIXHWlG66oPuVvXSGFPppYZz8ZDZq0dYYrbHfBCVUb1Q==",
        "dependencies": {}
      },
      "prompts@2.4.2": {
        "integrity": "sha512-NxNv/kLguCA7p3jE8oL2aEBsrJWgAakBpgmgK6lpPWV+WuOmY6r2/zbAVnP+T8bQlA0nzHXSJSJW0Hq7ylaD2Q==",
        "dependencies": {
          "kleur": "kleur@3.0.3",
          "sisteransi": "sisteransi@1.0.5"
        }
      },
      "rechoir@0.8.0": {
        "integrity": "sha512-/vxpCXddiX8NGfGO/mTafwjq4aFa/71pvamip0++IQk3zG8cbCj0fifNPrjjF1XMXUne91jL9OoxmdykoEtifQ==",
        "dependencies": {
          "resolve": "resolve@1.22.11"
        }
      },
      "regexp-tree@0.1.27": {
        "integrity": "sha512-iETxpjK6YoRWJG5o6hXLwvjYAoW+FEZn9os0PD/b6AP6xQwsa/Y7lCVgIixBbUPMfhu+i2LtdeAqVTgGlQarfA==",
        "dependencies": {}
      },
      "resolve@1.22.11": {
        "integrity": "sha512-RfqAvLnMl313r7c9oclB1HhUEAezcpLjz95wFH4LVuhk9JF/r22qmVP9AMmOU4vMX7Q8pN8jwNg/CSpdFnMjTQ==",
        "dependencies": {
          "is-core-module": "is-core-module@2.16.1",
          "path-parse": "path-parse@1.0.7",
          "supports-preserve-symlinks-flag": "supports-preserve-symlinks-flag@1.0.0"
        }
      },
      "safe-regex@2.1.1": {
        "integrity": "sha512-rx+x8AMzKb5Q5lQ95Zoi6ZbJqwCLkqi3XuJXp5P3rT8OEc6sZCJG5AE5dU3lsgRr/F4Bs31jSlVN+j5KrsGu9A==",
        "dependencies": {
          "regexp-tree": "regexp-tree@0.1.27"
        }
      },
      "semver@7.7.3": {
        "integrity": "sha512-SdsKMrI9TdgjdweUSR9MweHA4EJ8YxHn8DFaDisvhVlUOe4BF1tLD7GAj0lIqWVl+dPb/rExr0Btby5loQm20Q==",
        "dependencies": {}
      },
      "sisteransi@1.0.5": {
        "integrity": "sha512-bLGGlR1QxBcynn2d5YmDX4MGjlZvy2MRBDRNHLJ8VI6l6+9FUiyTFNJ0IveOSP0bcXgVDPRcfGqA0pjaqUpfVg==",
        "dependencies": {}
      },
      "strip-bom@3.0.0": {
        "integrity": "sha512-vavAMRXOgBVNF6nyEEmL3DBK19iRpDcoIwW+swQ+CbGiu7lju6t+JklA1MHweoWtadgt4ISVUsXLyDq34ddcwA==",
        "dependencies": {}
      },
      "supports-color@7.2.0": {
        "integrity": "sha512-qpCAvRl9stuOHveKsn7HncJRvv501qIacKzQlO/+Lwxc9+0q2wLyv4Dfvt80/DPn2pqOBsJdDiogXGR9+OvwRw==",
        "dependencies": {
          "has-flag": "has-flag@4.0.0"
        }
      },
      "supports-preserve-symlinks-flag@1.0.0": {
        "integrity": "sha512-ot0WnXS9fgdkgIcePe6RHNk1WA8+muPa6cSjeR3V8K27q9BB1rTE3R1p7Hv0z1ZyAc8s6Vvv8DIyWf681MAt0w==",
        "dependencies": {}
      },
      "tapable@2.3.0": {
        "integrity": "sha512-g9ljZiwki/LfxmQADO3dEY1CbpmXT5Hm2fJ+QaGKwSXUylMybePR7/67YW7jOrrvjEgL1Fmz5kzyAjWVWLlucg==",
        "dependencies": {}
      },
      "tr46@0.0.3": {
        "integrity": "sha512-N3WMsuqV66lT30CrXNbEjx4GEwlow3v6rr4mCcv6prnfwhS01rkgyFdjPNBYd9br7LpXV1+Emh01fHnq2Gdgrw==",
        "dependencies": {}
      },
      "tsconfig-paths-webpack-plugin@4.2.0": {
        "integrity": "sha512-zbem3rfRS8BgeNK50Zz5SIQgXzLafiHjOwUAvk/38/o1jHn/V5QAgVUcz884or7WYcPaH3N2CIfUc2u0ul7UcA==",
        "dependencies": {
          "chalk": "chalk@4.1.2",
          "enhanced-resolve": "enhanced-resolve@5.18.4",
          "tapable": "tapable@2.3.0",
          "tsconfig-paths": "tsconfig-paths@4.2.0"
        }
      },
      "tsconfig-paths@4.2.0": {
        "integrity": "sha512-NoZ4roiN7LnbKn9QqE1amc9DJfzvZXxF4xDavcOWt1BPkdx+m+0gJuPM+S0vCe7zTJMYUP0R8pO2XMr+Y8oLIg==",
        "dependencies": {
          "json5": "json5@2.2.3",
          "minimist": "minimist@1.2.8",
          "strip-bom": "strip-bom@3.0.0"
        }
      },
      "watskeburt@5.0.2": {
        "integrity": "sha512-8xIz2RALjwTA7kYeRtkiQ2uaFyr327T1GXJnVcGOoPuzQX2axpUXqeJPcgOEVemCWB2YveZjhWCcW/eZ3uTkZA==",
        "dependencies": {}
      },
      "webidl-conversions@3.0.1": {
        "integrity": "sha512-2JAn3z8AR6rjK8Sm8orRC0h/bcl/DqL7tRPdGZ4I1CjdF+EaMLmYxBHyXuKL849eucPFhvBoxMsflfOb8kxaeQ==",
        "dependencies": {}
      },
      "whatwg-url@5.0.0": {
        "integrity": "sha512-saE57nupxk6v3HY35+jzBwYa0rKSy0XR8JSxZPwgLr7ys0IBzhGviA1/TUGJLmSVqs8pb9AnvICXEuOHLprYTw==",
        "dependencies": {
          "tr46": "tr46@0.0.3",
          "webidl-conversions": "webidl-conversions@3.0.1"
        }
      },
      "ws@8.19.0": {
        "integrity": "sha512-blAT2mjOEIi0ZzruJfIhb3nps74PRWTCz1IjglWEEpQl5XS/UNama6u2/rjFkDDouqr4L67ry+1aGIALViWjDg==",
        "dependencies": {}
      }
    }
  },
  "redirects": {
    "https://esm.sh/@supabase/node-fetch@^2.6.14?target=denonext": "https://esm.sh/@supabase/node-fetch@2.6.15?target=denonext",
    "https://esm.sh/@types/ws@~8.18.1/index.d.mts": "https://esm.sh/@types/ws@8.18.1/index.d.mts",
    "https://esm.sh/bufferutil@^4.0.1?target=denonext": "https://esm.sh/bufferutil@4.1.0?target=denonext",
    "https://esm.sh/node-gyp-build@^4.3.0?target=denonext": "https://esm.sh/node-gyp-build@4.8.4?target=denonext",
    "https://esm.sh/tr46@~0.0.3?target=denonext": "https://esm.sh/tr46@0.0.3?target=denonext",
    "https://esm.sh/utf-8-validate@%3E=5.0.2?target=denonext": "https://esm.sh/utf-8-validate@6.0.6?target=denonext",
    "https://esm.sh/webidl-conversions@^3.0.0?target=denonext": "https://esm.sh/webidl-conversions@3.0.1?target=denonext",
    "https://esm.sh/whatwg-url@^5.0.0?target=denonext": "https://esm.sh/whatwg-url@5.0.0?target=denonext",
    "https://esm.sh/ws@^8.14.2?target=denonext": "https://esm.sh/ws@8.19.0?target=denonext"
  },
  "remote": {
    "https://cdn.skypack.dev/-/debug@v4.3.4-o4liVvMlOnQWbLSYZMXw/dist=es2019,mode=imports/optimized/debug.js": "671100993996e39b501301a87000607916d4d2d9f8fc8e9c5200ae5ba64a1389",
    "https://cdn.skypack.dev/-/ms@v2.1.2-giBDZ1IA5lmQ3ZXaa87V/dist=es2019,mode=imports/optimized/ms.js": "fd88e2d51900437011f1ad232f3393ce97db1b87a7844b3c58dd6d65562c1276",
    "https://cdn.skypack.dev/debug@4.3.4": "7b1d010cc930f71b940ba5941da055bc181115229e29de7214bdb4425c68ea76",
    "https://deno.land/std@0.211.0/path/_common/assert_path.ts": "2ca275f36ac1788b2acb60fb2b79cb06027198bc2ba6fb7e163efaedde98c297",
    "https://deno.land/std@0.211.0/path/_common/basename.ts": "569744855bc8445f3a56087fd2aed56bdad39da971a8d92b138c9913aecc5fa2",
    "https://deno.land/std@0.211.0/path/_common/constants.ts": "dc5f8057159f4b48cd304eb3027e42f1148cf4df1fb4240774d3492b5d12ac0c",
    "https://deno.land/std@0.211.0/path/_common/strip_trailing_separators.ts": "7024a93447efcdcfeaa9339a98fa63ef9d53de363f1fbe9858970f1bba02655a",
    "https://deno.land/std@0.211.0/path/_os.ts": "8fb9b90fb6b753bd8c77cfd8a33c2ff6c5f5bc185f50de8ca4ac6a05710b2c15",
    "https://deno.land/std@0.211.0/path/basename.ts": "5d341aadb7ada266e2280561692c165771d071c98746fcb66da928870cd47668",
    "https://deno.land/std@0.211.0/path/posix/_util.ts": "1e3937da30f080bfc99fe45d7ed23c47dd8585c5e473b2d771380d3a6937cf9d",
    "https://deno.land/std@0.211.0/path/posix/basename.ts": "39ee27a29f1f35935d3603ccf01d53f3d6e0c5d4d0f84421e65bd1afeff42843",
    "https://deno.land/std@0.211.0/path/windows/_util.ts": "d5f47363e5293fced22c984550d5e70e98e266cc3f31769e1710511803d04808",
    "https://deno.land/std@0.211.0/path/windows/basename.ts": "e2dbf31d1d6385bfab1ce38c333aa290b6d7ae9e0ecb8234a654e583cf22f8fe",
    "https://deno.land/std@0.211.0/streams/_common.ts": "4f9f2958d853b9a456be033631dabb7519daa68ee4d02caf53e2ecbffaf5805f",
    "https://deno.land/std@0.211.0/streams/iterate_reader.ts": "353e516908ce637e8b2a2e1301fa60316825667d0d880d47ea4c427a9a7758cf",
    "https://deno.land/x/grammy@v1.20.3/bot.ts": "bbfc31f976a27a48992ebb21bcdc137f216eb28e32cc5de0041dcc8fca53d5b8",
    "https://deno.land/x/grammy@v1.20.3/composer.ts": "a86dcd6c83e91f720ceb85dab2b1c7b966fc18fc6440848b87b4897fcaa63fc8",
    "https://deno.land/x/grammy@v1.20.3/context.ts": "3e9b8e277f8b75bed20b46047ad93b027a182e9d3504f1f2d2bba0852d0bb77f",
    "https://deno.land/x/grammy@v1.20.3/convenience/constants.ts": "8d7e2fb9b0f5bd4c10585d8a7528dee573dea5096041b35bebadbb943318d1fc",
    "https://deno.land/x/grammy@v1.20.3/convenience/frameworks.ts": "77e2f9fc841ab92d4310b556126447a42f131ad976a6adfff454c016f339b28e",
    "https://deno.land/x/grammy@v1.20.3/convenience/inline_query.ts": "409d1940c7670708064efa495003bcbfdf6763a756b2e6303c464489fd3394ff",
    "https://deno.land/x/grammy@v1.20.3/convenience/input_media.ts": "7af72a5fdb1af0417e31b1327003f536ddfdf64e06ab8bc7f5da6b574de38658",
    "https://deno.land/x/grammy@v1.20.3/convenience/keyboard.ts": "88aeab16f2aaf0b4098135b5f7a678f7d2ce288f28c7eba93eaa5553a7395152",
    "https://deno.land/x/grammy@v1.20.3/convenience/session.ts": "f92d57b6b2b61920912cf5c44d4db2f6ca999fe4f9adef170c321889d49667c2",
    "https://deno.land/x/grammy@v1.20.3/convenience/webhook.ts": "f1da7d6426171fb7b5d5f6b59633f91d3bab9a474eea821f714932650965eb9e",
    "https://deno.land/x/grammy@v1.20.3/core/api.ts": "840c5d39ca953d5bdbf89e61836a8212b22110d142b1606127b9c1a5f7d0b96a",
    "https://deno.land/x/grammy@v1.20.3/core/client.ts": "df622a135e71229ffe722406850c9c08b90dcdd4d049b46926128599c73f9dc5",
    "https://deno.land/x/grammy@v1.20.3/core/error.ts": "4638b2127ebe60249c78b83011d468f5e1e1a87748d32fe11a8200d9f824ad13",
    "https://deno.land/x/grammy@v1.20.3/core/payload.ts": "420e17c3c2830b5576ea187cfce77578fe09f1204b25c25ea2f220ca7c86e73b",
    "https://deno.land/x/grammy@v1.20.3/filter.ts": "8bfd76005929c22c42c6fd70064467dd4e8cf6e83de3c8d9d0522930d433e45d",
    "https://deno.land/x/grammy@v1.20.3/mod.ts": "7723e08709ff7fd01df3e463503e14e4fd1a581669380eed70351e1121e8a833",
    "https://deno.land/x/grammy@v1.20.3/platform.deno.ts": "68272a7e1d9a2d74d8a45342526485dbc0531dee812f675d7f8a4e7fc8393028",
    "https://deno.land/x/grammy@v1.20.3/types.deno.ts": "d43290407cdd90eaa67393f8ab53139bfb9f692335a92cb6f1c607ddac706b26",
    "https://deno.land/x/grammy@v1.20.3/types.ts": "729415590dfa188dbe924dea614dff4e976babdbabb28a307b869fc25777cdf0",
    "https://deno.land/x/grammy_types@v3.4.6/api.ts": "ae04d6628e3d25ae805bc07a19475065044fc44cde0a40877405bc3544d03a5f",
    "https://deno.land/x/grammy_types@v3.4.6/inline.ts": "594e1e487c94bde6f1d17f457b7b002786eb40b7b3b77ed32b830571e6285b7e",
    "https://deno.land/x/grammy_types@v3.4.6/manage.ts": "1d2b76d8735cdb56a2afe89097169ff4403b14016adb73e682fce61bc4c2efad",
    "https://deno.land/x/grammy_types@v3.4.6/markup.ts": "bef977ea4c2f17791d6f8a0a8f37f6f7f622967030da4f6b42e41c3a9d797113",
    "https://deno.land/x/grammy_types@v3.4.6/message.ts": "24de17e147a992eedebc8b28a553eeb1d62b0aecb93649fbde5f642bd5ad2b47",
    "https://deno.land/x/grammy_types@v3.4.6/methods.ts": "9c4d413f1a240e356b58c41a2c9417ccbd42b287d7cab9375c568d5d80ffcb2b",
    "https://deno.land/x/grammy_types@v3.4.6/mod.ts": "7b5f421b4fbb1761f7f0d68328eaddd515f3222ce3f3cdfbedd8d5a4781e91a7",
    "https://deno.land/x/grammy_types@v3.4.6/passport.ts": "e3fb63aec96510bcc317ef48fd25b435444b8f407502d7568c00fce15f2958fd",
    "https://deno.land/x/grammy_types@v3.4.6/payment.ts": "d23e9038c5b479b606e620dd84e3e67b6642ada110a962f2d5b5286e99ec7de5",
    "https://deno.land/x/grammy_types@v3.4.6/settings.ts": "5e989f5bd6c587d55673bd8052293869aa2f372e9223dd7f6e28632bfe021b6e",
    "https://deno.land/x/grammy_types@v3.4.6/update.ts": "597465794cbf6a6ab8a6e69c24645ed928e79af3d384dce63ae83716ba78ba3e",
    "https://esm.sh/@supabase/functions-js@2.1.5/denonext/functions-js.mjs": "e6c31ad2262a84ed55da33f4a253a9ec5cd5cc41a6b4393b5ab9b0a108a2e9a8",
    "https://esm.sh/@supabase/gotrue-js@2.62.2/denonext/gotrue-js.mjs": "d3dd1c95a023b518efab9fc1fb8fa172458864a4e0f4a95b5e77f8a0df526054",
    "https://esm.sh/@supabase/node-fetch@2.6.15/denonext/node-fetch.mjs": "0bae9052231f4f6dbccc7234d05ea96923dbf967be12f402764580b6bf9f713d",
    "https://esm.sh/@supabase/node-fetch@2.6.15?target=denonext": "4d28c4ad97328403184353f68434f2b6973971507919e9150297413664919cf3",
    "https://esm.sh/@supabase/postgrest-js@1.9.2/denonext/postgrest-js.mjs": "216c149bc04130518774d10fcf2df5d1c1369d985fee7fe942840f6f77459e27",
    "https://esm.sh/@supabase/realtime-js@2.9.3/denonext/realtime-js.mjs": "aac782e4fcf8d2e2f4b2592f566a0324b19b0262a2938a0c8ce546c681faef14",
    "https://esm.sh/@supabase/storage-js@2.5.5/denonext/storage-js.mjs": "a952ba6fdc889a4ae8d671ce4d1a152702c1caa3158eb2269a0208b091856075",
    "https://esm.sh/@supabase/supabase-js@2.39.7": "5361671c958daa350e504d9975da64b2d6dc9e81390b985ccdafb2e3572e24e7",
    "https://esm.sh/@supabase/supabase-js@2.39.7/denonext/supabase-js.mjs": "a98935fe4ce94ad395f140b22ada7a4f505ed242700f76302d75dbaa31618def",
    "https://esm.sh/bufferutil@4.1.0/denonext/bufferutil.mjs": "9b6e81087bdc57848ad1de1f8618ebbace98ebd9ff6cab51260b48c2a045a9c9",
    "https://esm.sh/bufferutil@4.1.0?target=denonext": "aaa2a112199593ccc40da1aedf5124779862ea166afb0a8529f04f907001428a",
    "https://esm.sh/node-gyp-build@4.8.4/denonext/node-gyp-build.mjs": "9a86f2d044fc77bd60aaa3d697c2ba1b818da5fb1b9aaeedec59a40b8e908803",
    "https://esm.sh/node-gyp-build@4.8.4?target=denonext": "261a6cedf1fdbf159798141ba1e2311ac1510682c5c8b55dacc8cf5fdee4aa06",
    "https://esm.sh/tr46@0.0.3/denonext/tr46.mjs": "5753ec0a99414f4055f0c1f97691100f13d88e48a8443b00aebb90a512785fa2",
    "https://esm.sh/tr46@0.0.3?target=denonext": "19cb9be0f0d418a0c3abb81f2df31f080e9540a04e43b0f699bce1149cba0cbb",
    "https://esm.sh/utf-8-validate@6.0.6/denonext/utf-8-validate.mjs": "4a41983aa887625615f52a52b53c223d8f16c74e52a6bd41b2c361894c07f878",
    "https://esm.sh/utf-8-validate@6.0.6?target=denonext": "8afa4e097093160323f232f971ca61474d22ccafdac8025e4e4f66ab4e07b2c4",
    "https://esm.sh/webidl-conversions@3.0.1/denonext/webidl-conversions.mjs": "238cd0743827707cbc1c2d7c2cf1027dbc536fb53ec9a3fde0ff8026a3ac5385",
    "https://esm.sh/webidl-conversions@3.0.1?target=denonext": "4e20318d50528084616c79d7b3f6e7f0fe7b6d09013bd01b3974d7448d767e29",
    "https://esm.sh/whatwg-url@5.0.0/denonext/whatwg-url.mjs": "29b16d74ee72624c915745bbd25b617cfd2248c6af0f5120d131e232a9a9af79",
    "https://esm.sh/whatwg-url@5.0.0?target=denonext": "f001a2cadf81312d214ca330033f474e74d81a003e21e8c5d70a1f46dc97b02d",
    "https://esm.sh/ws@8.19.0/denonext/ws.mjs": "20159ebe457a6c0fdf9a80f10ab7cb73d0d7359e507c714f65eb9eadcc6ab9b2",
    "https://esm.sh/ws@8.19.0?target=denonext": "5754cf6636f02a4d1d3d9aaa9ebca9f6c08c121d3b3f0935dc2936b7a14c9453"
  },
  "workspace": {
    "dependencies": [
      "npm:@supabase/supabase-js@2.39.7"
    ],
    "packageJson": {
      "dependencies": [
        "npm:@typescript-eslint/eslint-plugin@^8.53.1",
        "npm:@typescript-eslint/parser@^8.53.1",
        "npm:acorn-jsx-walk@^2.0.0",
        "npm:acorn-jsx@^5.3.2",
        "npm:acorn-loose@^8.5.2",
        "npm:acorn-walk@^8.3.4",
        "npm:acorn@^8.15.0",
        "npm:ajv@^6.12.6",
        "npm:ansi-styles@^4.3.0",
        "npm:argparse@^2.0.1",
        "npm:balanced-match@^1.0.2",
        "npm:brace-expansion@^2.0.2",
        "npm:callsites@^3.1.0",
        "npm:chalk@^4.1.2",
        "npm:color-convert@^2.0.1",
        "npm:color-name@^1.1.4",
        "npm:commander@^14.0.2",
        "npm:concat-map@^0.0.1",
        "npm:cross-spawn@^7.0.6",
        "npm:debug@^4.4.3",
        "npm:deep-is@^0.1.4",
        "npm:dependency-cruiser@^17.3.7",
        "npm:enhanced-resolve@^5.18.4",
        "npm:escape-string-regexp@^4.0.0",
        "npm:eslint-config-prettier@^10.1.8",
        "npm:eslint-scope@^8.4.0",
        "npm:eslint-visitor-keys@^3.4.3",
        "npm:eslint@^9.39.2",
        "npm:espree@^10.4.0",
        "npm:esquery@^1.7.0",
        "npm:esrecurse@^4.3.0",
        "npm:estraverse@^5.3.0",
        "npm:esutils@^2.0.3",
        "npm:fast-deep-equal@^3.1.3",
        "npm:fast-json-stable-stringify@^2.1.0",
        "npm:fast-levenshtein@^2.0.6",
        "npm:fdir@^6.5.0",
        "npm:file-entry-cache@^8.0.0",
        "npm:find-up@^5.0.0",
        "npm:flat-cache@^4.0.1",
        "npm:flatted@^3.3.3",
        "npm:function-bind@^1.1.2",
        "npm:glob-parent@^6.0.2",
        "npm:global-directory@^4.0.1",
        "npm:globals@^14.0.0",
        "npm:graceful-fs@^4.2.11",
        "npm:has-flag@^4.0.0",
        "npm:hasown@^2.0.2",
        "npm:ignore@^7.0.5",
        "npm:import-fresh@^3.3.1",
        "npm:imurmurhash@^0.1.4",
        "npm:ini@^4.1.1",
        "npm:interpret@^3.1.1",
        "npm:is-core-module@^2.16.1",
        "npm:is-extglob@^2.1.1",
        "npm:is-glob@^4.0.3",
        "npm:is-installed-globally@^1.0.0",
        "npm:is-path-inside@^4.0.0",
        "npm:isexe@^2.0.0",
        "npm:js-yaml@^4.1.1",
        "npm:json-buffer@^3.0.1",
        "npm:json-schema-traverse@^0.4.1",
        "npm:json-stable-stringify-without-jsonify@^1.0.1",
        "npm:json5@^2.2.3",
        "npm:keyv@^4.5.4",
        "npm:kleur@^3.0.3",
        "npm:levn@^0.4.1",
        "npm:locate-path@^6.0.0",
        "npm:lodash.merge@^4.6.2",
        "npm:minimatch@^9.0.5",
        "npm:minimist@^1.2.8",
        "npm:ms@^2.1.3",
        "npm:natural-compare@^1.4.0",
        "npm:optionator@^0.9.4",
        "npm:p-limit@^3.1.0",
        "npm:p-locate@^5.0.0",
        "npm:parent-module@^1.0.1",
        "npm:path-exists@^4.0.0",
        "npm:path-key@^3.1.1",
        "npm:path-parse@^1.0.7",
        "npm:picomatch@^4.0.3",
        "npm:prelude-ls@^1.2.1",
        "npm:prettier@^3.8.1",
        "npm:prompts@^2.4.2",
        "npm:punycode@^2.3.1",
        "npm:rechoir@^0.8.0",
        "npm:regexp-tree@^0.1.27",
        "npm:resolve-from@^4.0.0",
        "npm:resolve@^1.22.11",
        "npm:safe-regex@^2.1.1",
        "npm:semver@^7.7.3",
        "npm:shebang-command@^2.0.0",
        "npm:shebang-regex@^3.0.0",
        "npm:sisteransi@^1.0.5",
        "npm:strip-bom@^3.0.0",
        "npm:strip-json-comments@^3.1.1",
        "npm:supports-color@^7.2.0",
        "npm:supports-preserve-symlinks-flag@^1.0.0",
        "npm:tapable@^2.3.0",
        "npm:tinyglobby@^0.2.15",
        "npm:ts-api-utils@^2.4.0",
        "npm:tsconfig-paths-webpack-plugin@^4.2.0",
        "npm:tsconfig-paths@^4.2.0",
        "npm:type-check@^0.4.0",
        "npm:typescript@^5.9.3",
        "npm:uri-js@^4.4.1",
        "npm:watskeburt@^5.0.2",
        "npm:which@^2.0.2",
        "npm:word-wrap@^1.2.5",
        "npm:yocto-queue@^0.1.0"
      ]
    }
  }
}
